
Microsoft Visual Studio Solution File, Format Version 12.00
# Visual Studio Version 17
VisualStudioVersion = 17.9.34902.65
MinimumVisualStudioVersion = 10.0.40219.1
Project("{9A19103F-16F7-4668-BE54-9A1E7A4F7556}") = "SimpleVhd.Library", "SimpleVhd.Library\SimpleVhd.Library.csproj", "{9A95519F-A597-4222-AE37-3279DA65C921}"
EndProject
Project("{9A19103F-16F7-4668-BE54-9A1E7A4F7556}") = "SimpleVhd.ControlPanel", "SimpleVhd.ControlPanel\SimpleVhd.ControlPanel.csproj", "{65C46AE2-5F35-4978-8610-3E4A733657D5}"
EndProject
Project("{9A19103F-16F7-4668-BE54-9A1E7A4F7556}") = "SimpleVhd.Installer", "SimpleVhd.Installer\SimpleVhd.Installer.csproj", "{CB8FA622-556F-4B2D-BF7D-74420C72ECD3}"
EndProject
Project("{2150E333-8FDC-42A3-9474-1A3956D46DE8}") = "솔루션 항목", "솔루션 항목", "{89BE1C33-093D-4C48-B087-DBD9E1968E60}"
	ProjectSection(SolutionItems) = preProject
		.editorconfig = .editorconfig
		Directory.Build.props = Directory.Build.props
		Directory.Packages.props = Directory.Packages.props
		Publish-Core.cmd = Publish-Core.cmd
		Publish-Debug.cmd = Publish-Debug.cmd
		Publish-Release.cmd = Publish-Release.cmd
		README.md = README.md
	EndProjectSection
EndProject
Global
	GlobalSection(SolutionConfigurationPlatforms) = preSolution
		Debug|ARM64 = Debug|ARM64
		Debug|x64 = Debug|x64
		Release|ARM64 = Release|ARM64
		Release|x64 = Release|x64
	EndGlobalSection
	GlobalSection(ProjectConfigurationPlatforms) = postSolution
		{9A95519F-A597-4222-AE37-3279DA65C921}.Debug|ARM64.ActiveCfg = Debug|ARM64
		{9A95519F-A597-4222-AE37-3279DA65C921}.Debug|ARM64.Build.0 = Debug|ARM64
		{9A95519F-A597-4222-AE37-3279DA65C921}.Debug|x64.ActiveCfg = Debug|x64
		{9A95519F-A597-4222-AE37-3279DA65C921}.Debug|x64.Build.0 = Debug|x64
		{9A95519F-A597-4222-AE37-3279DA65C921}.Release|ARM64.ActiveCfg = Release|ARM64
		{9A95519F-A597-4222-AE37-3279DA65C921}.Release|ARM64.Build.0 = Release|ARM64
		{9A95519F-A597-4222-AE37-3279DA65C921}.Release|x64.ActiveCfg = Release|x64
		{9A95519F-A597-4222-AE37-3279DA65C921}.Release|x64.Build.0 = Release|x64
		{65C46AE2-5F35-4978-8610-3E4A733657D5}.Debug|ARM64.ActiveCfg = Debug|ARM64
		{65C46AE2-5F35-4978-8610-3E4A733657D5}.Debug|ARM64.Build.0 = Debug|ARM64
		{65C46AE2-5F35-4978-8610-3E4A733657D5}.Debug|x64.ActiveCfg = Debug|x64
		{65C46AE2-5F35-4978-8610-3E4A733657D5}.Debug|x64.Build.0 = Debug|x64
		{65C46AE2-5F35-4978-8610-3E4A733657D5}.Release|ARM64.ActiveCfg = Release|ARM64
		{65C46AE2-5F35-4978-8610-3E4A733657D5}.Release|ARM64.Build.0 = Release|ARM64
		{65C46AE2-5F35-4978-8610-3E4A733657D5}.Release|x64.ActiveCfg = Release|x64
		{65C46AE2-5F35-4978-8610-3E4A733657D5}.Release|x64.Build.0 = Release|x64
		{CB8FA622-556F-4B2D-BF7D-74420C72ECD3}.Debug|ARM64.ActiveCfg = Debug|ARM64
		{CB8FA622-556F-4B2D-BF7D-74420C72ECD3}.Debug|ARM64.Build.0 = Debug|ARM64
		{CB8FA622-556F-4B2D-BF7D-74420C72ECD3}.Debug|x64.ActiveCfg = Debug|x64
		{CB8FA622-556F-4B2D-BF7D-74420C72ECD3}.Debug|x64.Build.0 = Debug|x64
		{CB8FA622-556F-4B2D-BF7D-74420C72ECD3}.Release|ARM64.ActiveCfg = Release|ARM64
		{CB8FA622-556F-4B2D-BF7D-74420C72ECD3}.Release|ARM64.Build.0 = Release|ARM64
		{CB8FA622-556F-4B2D-BF7D-74420C72ECD3}.Release|x64.ActiveCfg = Release|x64
		{CB8FA622-556F-4B2D-BF7D-74420C72ECD3}.Release|x64.Build.0 = Release|x64
	EndGlobalSection
	GlobalSection(SolutionProperties) = preSolution
		HideSolutionNode = FALSE
	EndGlobalSection
	GlobalSection(ExtensibilityGlobals) = postSolution
		SolutionGuid = {83721711-8A5F-41FB-8585-4E288FC15DBD}
	EndGlobalSection
EndGlobal
