
Microsoft Visual Studio Solution File, Format Version 12.00
# Visual Studio Version 17
VisualStudioVersion = 17.8.34511.84
MinimumVisualStudioVersion = 10.0.40219.1
Project("{9A19103F-16F7-4668-BE54-9A1E7A4F7556}") = "SimpleVhd", "SimpleVhd\SimpleVhd.csproj", "{07980DD1-02EA-4AE9-998D-2D0D570A4480}"
EndProject
Project("{9A19103F-16F7-4668-BE54-9A1E7A4F7556}") = "SimpleVhd.Installer", "SimpleVhd.Installer\SimpleVhd.Installer.csproj", "{D49B3634-A3C7-4C1B-A444-8070387650D0}"
EndProject
Project("{9A19103F-16F7-4668-BE54-9A1E7A4F7556}") = "SimpleVhd.ControlPanel", "SimpleVhd.ControlPanel\SimpleVhd.ControlPanel.csproj", "{BCEEEAB7-385E-4ABA-928A-37587E9BAC0A}"
EndProject
Project("{9A19103F-16F7-4668-BE54-9A1E7A4F7556}") = "SimpleVhd.PE", "SimpleVhd.PE\SimpleVhd.PE.csproj", "{38503AE5-C2E8-4105-BC27-888850A641B7}"
EndProject
Project("{9A19103F-16F7-4668-BE54-9A1E7A4F7556}") = "SimpleVhd.Test", "SimpleVhd.Test\SimpleVhd.Test.csproj", "{CE0A9DE2-E04A-496C-A7E7-1C4CAE0DD4DF}"
EndProject
Global
	GlobalSection(SolutionConfigurationPlatforms) = preSolution
		Debug|Any CPU = Debug|Any CPU
		Debug|ARM64 = Debug|ARM64
		Debug|x64 = Debug|x64
		Debug|x86 = Debug|x86
		Release|Any CPU = Release|Any CPU
		Release|ARM64 = Release|ARM64
		Release|x64 = Release|x64
		Release|x86 = Release|x86
	EndGlobalSection
	GlobalSection(ProjectConfigurationPlatforms) = postSolution
		{07980DD1-02EA-4AE9-998D-2D0D570A4480}.Debug|Any CPU.ActiveCfg = Debug|Any CPU
		{07980DD1-02EA-4AE9-998D-2D0D570A4480}.Debug|Any CPU.Build.0 = Debug|Any CPU
		{07980DD1-02EA-4AE9-998D-2D0D570A4480}.Debug|ARM64.ActiveCfg = Debug|Any CPU
		{07980DD1-02EA-4AE9-998D-2D0D570A4480}.Debug|ARM64.Build.0 = Debug|Any CPU
		{07980DD1-02EA-4AE9-998D-2D0D570A4480}.Debug|x64.ActiveCfg = Debug|Any CPU
		{07980DD1-02EA-4AE9-998D-2D0D570A4480}.Debug|x64.Build.0 = Debug|Any CPU
		{07980DD1-02EA-4AE9-998D-2D0D570A4480}.Debug|x86.ActiveCfg = Debug|Any CPU
		{07980DD1-02EA-4AE9-998D-2D0D570A4480}.Debug|x86.Build.0 = Debug|Any CPU
		{07980DD1-02EA-4AE9-998D-2D0D570A4480}.Release|Any CPU.ActiveCfg = Release|Any CPU
		{07980DD1-02EA-4AE9-998D-2D0D570A4480}.Release|Any CPU.Build.0 = Release|Any CPU
		{07980DD1-02EA-4AE9-998D-2D0D570A4480}.Release|ARM64.ActiveCfg = Release|Any CPU
		{07980DD1-02EA-4AE9-998D-2D0D570A4480}.Release|ARM64.Build.0 = Release|Any CPU
		{07980DD1-02EA-4AE9-998D-2D0D570A4480}.Release|x64.ActiveCfg = Release|Any CPU
		{07980DD1-02EA-4AE9-998D-2D0D570A4480}.Release|x64.Build.0 = Release|Any CPU
		{07980DD1-02EA-4AE9-998D-2D0D570A4480}.Release|x86.ActiveCfg = Release|Any CPU
		{07980DD1-02EA-4AE9-998D-2D0D570A4480}.Release|x86.Build.0 = Release|Any CPU
		{D49B3634-A3C7-4C1B-A444-8070387650D0}.Debug|Any CPU.ActiveCfg = Debug|Any CPU
		{D49B3634-A3C7-4C1B-A444-8070387650D0}.Debug|Any CPU.Build.0 = Debug|Any CPU
		{D49B3634-A3C7-4C1B-A444-8070387650D0}.Debug|ARM64.ActiveCfg = Debug|Any CPU
		{D49B3634-A3C7-4C1B-A444-8070387650D0}.Debug|ARM64.Build.0 = Debug|Any CPU
		{D49B3634-A3C7-4C1B-A444-8070387650D0}.Debug|x64.ActiveCfg = Debug|Any CPU
		{D49B3634-A3C7-4C1B-A444-8070387650D0}.Debug|x64.Build.0 = Debug|Any CPU
		{D49B3634-A3C7-4C1B-A444-8070387650D0}.Debug|x86.ActiveCfg = Debug|Any CPU
		{D49B3634-A3C7-4C1B-A444-8070387650D0}.Debug|x86.Build.0 = Debug|Any CPU
		{D49B3634-A3C7-4C1B-A444-8070387650D0}.Release|Any CPU.ActiveCfg = Release|Any CPU
		{D49B3634-A3C7-4C1B-A444-8070387650D0}.Release|Any CPU.Build.0 = Release|Any CPU
		{D49B3634-A3C7-4C1B-A444-8070387650D0}.Release|ARM64.ActiveCfg = Release|Any CPU
		{D49B3634-A3C7-4C1B-A444-8070387650D0}.Release|ARM64.Build.0 = Release|Any CPU
		{D49B3634-A3C7-4C1B-A444-8070387650D0}.Release|x64.ActiveCfg = Release|Any CPU
		{D49B3634-A3C7-4C1B-A444-8070387650D0}.Release|x64.Build.0 = Release|Any CPU
		{D49B3634-A3C7-4C1B-A444-8070387650D0}.Release|x86.ActiveCfg = Release|Any CPU
		{D49B3634-A3C7-4C1B-A444-8070387650D0}.Release|x86.Build.0 = Release|Any CPU
		{BCEEEAB7-385E-4ABA-928A-37587E9BAC0A}.Debug|Any CPU.ActiveCfg = Debug|x64
		{BCEEEAB7-385E-4ABA-928A-37587E9BAC0A}.Debug|Any CPU.Build.0 = Debug|x64
		{BCEEEAB7-385E-4ABA-928A-37587E9BAC0A}.Debug|Any CPU.Deploy.0 = Debug|x64
		{BCEEEAB7-385E-4ABA-928A-37587E9BAC0A}.Debug|ARM64.ActiveCfg = Debug|ARM64
		{BCEEEAB7-385E-4ABA-928A-37587E9BAC0A}.Debug|ARM64.Build.0 = Debug|ARM64
		{BCEEEAB7-385E-4ABA-928A-37587E9BAC0A}.Debug|ARM64.Deploy.0 = Debug|ARM64
		{BCEEEAB7-385E-4ABA-928A-37587E9BAC0A}.Debug|x64.ActiveCfg = Debug|x64
		{BCEEEAB7-385E-4ABA-928A-37587E9BAC0A}.Debug|x64.Build.0 = Debug|x64
		{BCEEEAB7-385E-4ABA-928A-37587E9BAC0A}.Debug|x64.Deploy.0 = Debug|x64
		{BCEEEAB7-385E-4ABA-928A-37587E9BAC0A}.Debug|x86.ActiveCfg = Debug|x86
		{BCEEEAB7-385E-4ABA-928A-37587E9BAC0A}.Debug|x86.Build.0 = Debug|x86
		{BCEEEAB7-385E-4ABA-928A-37587E9BAC0A}.Debug|x86.Deploy.0 = Debug|x86
		{BCEEEAB7-385E-4ABA-928A-37587E9BAC0A}.Release|Any CPU.ActiveCfg = Release|x64
		{BCEEEAB7-385E-4ABA-928A-37587E9BAC0A}.Release|Any CPU.Build.0 = Release|x64
		{BCEEEAB7-385E-4ABA-928A-37587E9BAC0A}.Release|Any CPU.Deploy.0 = Release|x64
		{BCEEEAB7-385E-4ABA-928A-37587E9BAC0A}.Release|ARM64.ActiveCfg = Release|ARM64
		{BCEEEAB7-385E-4ABA-928A-37587E9BAC0A}.Release|ARM64.Build.0 = Release|ARM64
		{BCEEEAB7-385E-4ABA-928A-37587E9BAC0A}.Release|ARM64.Deploy.0 = Release|ARM64
		{BCEEEAB7-385E-4ABA-928A-37587E9BAC0A}.Release|x64.ActiveCfg = Release|x64
		{BCEEEAB7-385E-4ABA-928A-37587E9BAC0A}.Release|x64.Build.0 = Release|x64
		{BCEEEAB7-385E-4ABA-928A-37587E9BAC0A}.Release|x64.Deploy.0 = Release|x64
		{BCEEEAB7-385E-4ABA-928A-37587E9BAC0A}.Release|x86.ActiveCfg = Release|x86
		{BCEEEAB7-385E-4ABA-928A-37587E9BAC0A}.Release|x86.Build.0 = Release|x86
		{BCEEEAB7-385E-4ABA-928A-37587E9BAC0A}.Release|x86.Deploy.0 = Release|x86
		{38503AE5-C2E8-4105-BC27-888850A641B7}.Debug|Any CPU.ActiveCfg = Debug|Any CPU
		{38503AE5-C2E8-4105-BC27-888850A641B7}.Debug|Any CPU.Build.0 = Debug|Any CPU
		{38503AE5-C2E8-4105-BC27-888850A641B7}.Debug|ARM64.ActiveCfg = Debug|Any CPU
		{38503AE5-C2E8-4105-BC27-888850A641B7}.Debug|ARM64.Build.0 = Debug|Any CPU
		{38503AE5-C2E8-4105-BC27-888850A641B7}.Debug|x64.ActiveCfg = Debug|Any CPU
		{38503AE5-C2E8-4105-BC27-888850A641B7}.Debug|x64.Build.0 = Debug|Any CPU
		{38503AE5-C2E8-4105-BC27-888850A641B7}.Debug|x86.ActiveCfg = Debug|Any CPU
		{38503AE5-C2E8-4105-BC27-888850A641B7}.Debug|x86.Build.0 = Debug|Any CPU
		{38503AE5-C2E8-4105-BC27-888850A641B7}.Release|Any CPU.ActiveCfg = Release|Any CPU
		{38503AE5-C2E8-4105-BC27-888850A641B7}.Release|Any CPU.Build.0 = Release|Any CPU
		{38503AE5-C2E8-4105-BC27-888850A641B7}.Release|ARM64.ActiveCfg = Release|Any CPU
		{38503AE5-C2E8-4105-BC27-888850A641B7}.Release|ARM64.Build.0 = Release|Any CPU
		{38503AE5-C2E8-4105-BC27-888850A641B7}.Release|x64.ActiveCfg = Release|Any CPU
		{38503AE5-C2E8-4105-BC27-888850A641B7}.Release|x64.Build.0 = Release|Any CPU
		{38503AE5-C2E8-4105-BC27-888850A641B7}.Release|x86.ActiveCfg = Release|Any CPU
		{38503AE5-C2E8-4105-BC27-888850A641B7}.Release|x86.Build.0 = Release|Any CPU
		{CE0A9DE2-E04A-496C-A7E7-1C4CAE0DD4DF}.Debug|Any CPU.ActiveCfg = Debug|Any CPU
		{CE0A9DE2-E04A-496C-A7E7-1C4CAE0DD4DF}.Debug|Any CPU.Build.0 = Debug|Any CPU
		{CE0A9DE2-E04A-496C-A7E7-1C4CAE0DD4DF}.Debug|ARM64.ActiveCfg = Debug|Any CPU
		{CE0A9DE2-E04A-496C-A7E7-1C4CAE0DD4DF}.Debug|ARM64.Build.0 = Debug|Any CPU
		{CE0A9DE2-E04A-496C-A7E7-1C4CAE0DD4DF}.Debug|x64.ActiveCfg = Debug|Any CPU
		{CE0A9DE2-E04A-496C-A7E7-1C4CAE0DD4DF}.Debug|x64.Build.0 = Debug|Any CPU
		{CE0A9DE2-E04A-496C-A7E7-1C4CAE0DD4DF}.Debug|x86.ActiveCfg = Debug|Any CPU
		{CE0A9DE2-E04A-496C-A7E7-1C4CAE0DD4DF}.Debug|x86.Build.0 = Debug|Any CPU
		{CE0A9DE2-E04A-496C-A7E7-1C4CAE0DD4DF}.Release|Any CPU.ActiveCfg = Release|Any CPU
		{CE0A9DE2-E04A-496C-A7E7-1C4CAE0DD4DF}.Release|Any CPU.Build.0 = Release|Any CPU
		{CE0A9DE2-E04A-496C-A7E7-1C4CAE0DD4DF}.Release|ARM64.ActiveCfg = Release|Any CPU
		{CE0A9DE2-E04A-496C-A7E7-1C4CAE0DD4DF}.Release|ARM64.Build.0 = Release|Any CPU
		{CE0A9DE2-E04A-496C-A7E7-1C4CAE0DD4DF}.Release|x64.ActiveCfg = Release|Any CPU
		{CE0A9DE2-E04A-496C-A7E7-1C4CAE0DD4DF}.Release|x64.Build.0 = Release|Any CPU
		{CE0A9DE2-E04A-496C-A7E7-1C4CAE0DD4DF}.Release|x86.ActiveCfg = Release|Any CPU
		{CE0A9DE2-E04A-496C-A7E7-1C4CAE0DD4DF}.Release|x86.Build.0 = Release|Any CPU
	EndGlobalSection
	GlobalSection(SolutionProperties) = preSolution
		HideSolutionNode = FALSE
	EndGlobalSection
	GlobalSection(ExtensibilityGlobals) = postSolution
		SolutionGuid = {18386BC2-8DE3-4113-87FB-D66BB8429942}
	EndGlobalSection
EndGlobal
